
Microsoft Visual Studio Solution File, Format Version 12.00
# Visual Studio Version 17
VisualStudioVersion = 17.8.34525.116
MinimumVisualStudioVersion = 10.0.40219.1
Project("{2150E333-8FDC-42A3-9474-1A3956D46DE8}") = "src", "src", "{FA5EDBC6-DC09-4EE1-8905-35F6E61E5A45}"
EndProject
Project("{2150E333-8FDC-42A3-9474-1A3956D46DE8}") = "tests", "tests", "{1BBBB1DF-910B-485C-9C99-B430A151B5BC}"
	ProjectSection(SolutionItems) = preProject
		BearerToken.txt = BearerToken.txt
	EndProjectSection
EndProject
Project("{9A19103F-16F7-4668-BE54-9A1E7A4F7556}") = "RocketseatAuction.API", "src\RocketseatAuction.API\RocketseatAuction.API.csproj", "{C318B695-2F54-4682-A5FF-395877ED042B}"
EndProject
Global
	GlobalSection(SolutionConfigurationPlatforms) = preSolution
		Debug|Any CPU = Debug|Any CPU
		Release|Any CPU = Release|Any CPU
	EndGlobalSection
	GlobalSection(ProjectConfigurationPlatforms) = postSolution
		{C318B695-2F54-4682-A5FF-395877ED042B}.Debug|Any CPU.ActiveCfg = Debug|Any CPU
		{C318B695-2F54-4682-A5FF-395877ED042B}.Debug|Any CPU.Build.0 = Debug|Any CPU
		{C318B695-2F54-4682-A5FF-395877ED042B}.Release|Any CPU.ActiveCfg = Release|Any CPU
		{C318B695-2F54-4682-A5FF-395877ED042B}.Release|Any CPU.Build.0 = Release|Any CPU
	EndGlobalSection
	GlobalSection(SolutionProperties) = preSolution
		HideSolutionNode = FALSE
	EndGlobalSection
	GlobalSection(NestedProjects) = preSolution
		{C318B695-2F54-4682-A5FF-395877ED042B} = {FA5EDBC6-DC09-4EE1-8905-35F6E61E5A45}
	EndGlobalSection
	GlobalSection(ExtensibilityGlobals) = postSolution
		SolutionGuid = {5B38621C-E868-44BC-8E48-17C69E54C147}
	EndGlobalSection
EndGlobal
